
Microsoft Visual Studio Solution File, Format Version 12.00
Project("{FAE04EC0-301F-11D3-BF4B-00C04F79EFBC}") = "AAD.Tests", "AAD.Tests\AAD.Tests.csproj", "{39B4457F-9197-495D-A5EE-8E667C6DB1FE}"
EndProject
Project("{FAE04EC0-301F-11D3-BF4B-00C04F79EFBC}") = "RandomStudent", "RandomStudent\RandomStudent.csproj", "{EBCF1F1F-DC4C-4481-B93C-0EDE0BDC7DE1}"
EndProject
Project("{FAE04EC0-301F-11D3-BF4B-00C04F79EFBC}") = "AAD", "AAD\AAD.csproj", "{625787FF-BEB5-4806-BC91-886144BF8819}"
EndProject
Global
	GlobalSection(SolutionConfigurationPlatforms) = preSolution
		Debug|Any CPU = Debug|Any CPU
		Release|Any CPU = Release|Any CPU
	EndGlobalSection
	GlobalSection(ProjectConfigurationPlatforms) = postSolution
		{39B4457F-9197-495D-A5EE-8E667C6DB1FE}.Debug|Any CPU.ActiveCfg = Debug|Any CPU
		{39B4457F-9197-495D-A5EE-8E667C6DB1FE}.Debug|Any CPU.Build.0 = Debug|Any CPU
		{39B4457F-9197-495D-A5EE-8E667C6DB1FE}.Release|Any CPU.ActiveCfg = Release|Any CPU
		{39B4457F-9197-495D-A5EE-8E667C6DB1FE}.Release|Any CPU.Build.0 = Release|Any CPU
		{EBCF1F1F-DC4C-4481-B93C-0EDE0BDC7DE1}.Debug|Any CPU.ActiveCfg = Debug|Any CPU
		{EBCF1F1F-DC4C-4481-B93C-0EDE0BDC7DE1}.Debug|Any CPU.Build.0 = Debug|Any CPU
		{EBCF1F1F-DC4C-4481-B93C-0EDE0BDC7DE1}.Release|Any CPU.ActiveCfg = Release|Any CPU
		{EBCF1F1F-DC4C-4481-B93C-0EDE0BDC7DE1}.Release|Any CPU.Build.0 = Release|Any CPU
		{625787FF-BEB5-4806-BC91-886144BF8819}.Debug|Any CPU.ActiveCfg = Debug|Any CPU
		{625787FF-BEB5-4806-BC91-886144BF8819}.Debug|Any CPU.Build.0 = Debug|Any CPU
		{625787FF-BEB5-4806-BC91-886144BF8819}.Release|Any CPU.ActiveCfg = Release|Any CPU
		{625787FF-BEB5-4806-BC91-886144BF8819}.Release|Any CPU.Build.0 = Release|Any CPU
	EndGlobalSection
	GlobalSection(NestedProjects) = preSolution
	EndGlobalSection
EndGlobal
